Microsoft Visual Studio Solution File, Format Version 12.00
# Visual Studio 2012
Project("{FAE04EC0-301F-11D3-BF4B-00C04F79EFBC}") = "Rogue Customs Godot Client", "Rogue Customs Godot Client.csproj", "{40C89114-6D98-48D0-A402-6FD56B39A680}"
EndProject
Global
	GlobalSection(SolutionConfigurationPlatforms) = preSolution
	Debug|Any CPU = Debug|Any CPU
	ExportDebug|Any CPU = ExportDebug|Any CPU
	ExportRelease|Any CPU = ExportRelease|Any CPU
	EndGlobalSection
	GlobalSection(ProjectConfigurationPlatforms) = postSolution
		{40C89114-6D98-48D0-A402-6FD56B39A680}.Debug|Any CPU.ActiveCfg = Debug|Any CPU
		{40C89114-6D98-48D0-A402-6FD56B39A680}.Debug|Any CPU.Build.0 = Debug|Any CPU
		{40C89114-6D98-48D0-A402-6FD56B39A680}.ExportDebug|Any CPU.ActiveCfg = ExportDebug|Any CPU
		{40C89114-6D98-48D0-A402-6FD56B39A680}.ExportDebug|Any CPU.Build.0 = ExportDebug|Any CPU
		{40C89114-6D98-48D0-A402-6FD56B39A680}.ExportRelease|Any CPU.ActiveCfg = ExportRelease|Any CPU
		{40C89114-6D98-48D0-A402-6FD56B39A680}.ExportRelease|Any CPU.Build.0 = ExportRelease|Any CPU
	EndGlobalSection
EndGlobal
